{
  "originHash" : "694df48ea1d6f44fc1003bb967c13a121483515c77981ef107aa9d16b82deed3",
  "pins" : [
    {
      "identity" : "get",
      "kind" : "remoteSourceControl",
      "location" : "https://github.com/kean/Get",
      "state" : {
        "revision" : "31249885da1052872e0ac91a2943f62567c0d96d",
        "version" : "2.2.1"
      }
    },
    {
      "identity" : "jellyfin-sdk-swift",
      "kind" : "remoteSourceControl",
      "location" : "https://github.com/jellyfin/jellyfin-sdk-swift",
      "state" : {
        "revision" : "6039de827d9f768fe7218f3960426aca3325423a",
        "version" : "0.5.2"
      }
    },
    {
      "identity" : "urlqueryencoder",
      "kind" : "remoteSourceControl",
      "location" : "https://github.com/CreateAPI/URLQueryEncoder",
      "state" : {
        "revision" : "4ce950479707ea109f229d7230ec074a133b15d7",
        "version" : "0.2.1"
      }
    },
    {
      "identity" : "vlcui",
      "kind" : "remoteSourceControl",
      "location" : "https://github.com/LePips/VLCUI",
      "state" : {
        "revision" : "e72985db8f1e837c1e3801a63e45b01b254bef94",
        "version" : "0.7.2"
      }
    }
  ],
  "version" : 3
}
