{
  "originHash" : "12e38ba3f8b77b06d8e5075afcb21f89457993533db5aed9c634b355711d38c1",
  "pins" : [
    {
      "identity" : "cachedasyncimage",
      "kind" : "remoteSourceControl",
      "location" : "https://github.com/SilverMarcs/CachedAsyncImage",
      "state" : {
        "branch" : "main",
        "revision" : "4c090899f9ac13c2e9affbb2b54319f98b0c7d2d"
      }
    },
    {
      "identity" : "get",
      "kind" : "remoteSourceControl",
      "location" : "https://github.com/kean/Get",
      "state" : {
        "revision" : "31249885da1052872e0ac91a2943f62567c0d96d",
        "version" : "2.2.1"
      }
    },
    {
      "identity" : "jellyfin-sdk-swift",
      "kind" : "remoteSourceControl",
      "location" : "https://github.com/SilverMarcs/jellyfin-sdk-swift",
      "state" : {
        "branch" : "main",
        "revision" : "ebd502769437e9a1857867e3bfb2945706bf2a60"
      }
    },
    {
      "identity" : "urlqueryencoder",
      "kind" : "remoteSourceControl",
      "location" : "https://github.com/CreateAPI/URLQueryEncoder",
      "state" : {
        "revision" : "4ce950479707ea109f229d7230ec074a133b15d7",
        "version" : "0.2.1"
      }
    }
  ],
  "version" : 3
}
