// !$*UTF8*$!
{
	archiveVersion = 1;
	classes = {
	};
	objectVersion = 77;
	objects = {

/* Begin PBXBuildFile section */
		080195482E7F2CC9000A83C3 /* VLCUI in Frameworks */ = {isa = PBXBuildFile; productRef = 080195472E7F2CC9000A83C3 /* VLCUI */; };
		082A202D2E82178600F1626F /* JellyfinAPI in Frameworks */ = {isa = PBXBuildFile; productRef = 082A202C2E82178600F1626F /* JellyfinAPI */; };
		082A20362E822DE800F1626F /* JellyfinAPI in Frameworks */ = {isa = PBXBuildFile; productRef = 082A20352E822DE800F1626F /* JellyfinAPI */; };
		08408A7A2E3360A400C43C1B /* MobileVLCKit.xcframework in Frameworks */ = {isa = PBXBuildFile; fileRef = 08408A782E3360A400C43C1B /* MobileVLCKit.xcframework */; platformFilters = (ios, xros, ); };
		08408A7B2E3360A400C43C1B /* MobileVLCKit.xcframework in Embed Frameworks */ = {isa = PBXBuildFile; fileRef = 08408A782E3360A400C43C1B /* MobileVLCKit.xcframework */; platformFilters = (ios, xros, ); settings = {ATTRIBUTES = (CodeSignOnCopy, RemoveHeadersOnCopy, ); }; };
		08408A7C2E3360A400C43C1B /* VLCKit.xcframework in Frameworks */ = {isa = PBXBuildFile; fileRef = 08408A792E3360A400C43C1B /* VLCKit.xcframework */; platformFilters = (macos, ); };
		08408A7D2E3360A400C43C1B /* VLCKit.xcframework in Embed Frameworks */ = {isa = PBXBuildFile; fileRef = 08408A792E3360A400C43C1B /* VLCKit.xcframework */; platformFilters = (macos, ); settings = {ATTRIBUTES = (CodeSignOnCopy, RemoveHeadersOnCopy, ); }; };
		08493C5C2E292DBC007F0D75 /* JellyfinAPI in Frameworks */ = {isa = PBXBuildFile; productRef = 08493C5B2E292DBC007F0D75 /* JellyfinAPI */; };
		085D1FC92E7EE7BA00435795 /* VLCUI in Frameworks */ = {isa = PBXBuildFile; productRef = 085D1FC82E7EE7BA00435795 /* VLCUI */; };
		08D5DCC82E28A0D90027D139 /* CachedAsyncImage in Frameworks */ = {isa = PBXBuildFile; productRef = 08D5DCC72E28A0D90027D139 /* CachedAsyncImage */; };
/* End PBXBuildFile section */

/* Begin PBXCopyFilesBuildPhase section */
		08408A7E2E3360A400C43C1B /* Embed Frameworks */ = {
			isa = PBXCopyFilesBuildPhase;
			buildActionMask = 2147483647;
			dstPath = "";
			dstSubfolderSpec = 10;
			files = (
				08408A7D2E3360A400C43C1B /* VLCKit.xcframework in Embed Frameworks */,
				08408A7B2E3360A400C43C1B /* MobileVLCKit.xcframework in Embed Frameworks */,
			);
			name = "Embed Frameworks";
			runOnlyForDeploymentPostprocessing = 0;
		};
/* End PBXCopyFilesBuildPhase section */

/* Begin PBXFileReference section */
		083128A92E0EE1F70096527C /* SwiftJelly.app */ = {isa = PBXFileReference; explicitFileType = wrapper.application; includeInIndex = 0; path = SwiftJelly.app; sourceTree = BUILT_PRODUCTS_DIR; };
		08408A782E3360A400C43C1B /* MobileVLCKit.xcframework */ = {isa = PBXFileReference; lastKnownFileType = wrapper.xcframework; name = MobileVLCKit.xcframework; path = Carthage/MobileVLCKit.xcframework; sourceTree = "<group>"; };
		08408A792E3360A400C43C1B /* VLCKit.xcframework */ = {isa = PBXFileReference; lastKnownFileType = wrapper.xcframework; name = VLCKit.xcframework; path = Carthage/VLCKit.xcframework; sourceTree = "<group>"; };
/* End PBXFileReference section */

/* Begin PBXFileSystemSynchronizedBuildFileExceptionSet section */
		084962382E1FBBA700CA183B /* Exceptions for "SwiftJelly" folder in "SwiftJelly" target */ = {
			isa = PBXFileSystemSynchronizedBuildFileExceptionSet;
			membershipExceptions = (
				Info.plist,
			);
			platformFiltersByRelativePath = {
				AppDelegate.swift = (ios, xros, );
				Utilities/OrientationManager.swift = (ios, xros, );
				Views/MediaPlayer/AVMediaPlayer/AVPlayerIos.swift = (ios, xros, );
				Views/MediaPlayer/AVMediaPlayer/AVPlayerMac.swift = (macos, );
				Views/MediaPlayer/VLCPlayer/Overlays/VLCMobileControls.swift = (ios, xros, );
				Views/MediaPlayer/VLCPlayer/Overlays/VLCTopOverlay.swift = (ios, xros, );
			};
			target = 083128A82E0EE1F70096527C /* SwiftJelly */;
		};
/* End PBXFileSystemSynchronizedBuildFileExceptionSet section */

/* Begin PBXFileSystemSynchronizedRootGroup section */
		083128AB2E0EE1F70096527C /* SwiftJelly */ = {
			isa = PBXFileSystemSynchronizedRootGroup;
			exceptions = (
				084962382E1FBBA700CA183B /* Exceptions for "SwiftJelly" folder in "SwiftJelly" target */,
			);
			path = SwiftJelly;
			sourceTree = "<group>";
		};
/* End PBXFileSystemSynchronizedRootGroup section */

/* Begin PBXFrameworksBuildPhase section */
		083128A62E0EE1F70096527C /* Frameworks */ = {
			isa = PBXFrameworksBuildPhase;
			buildActionMask = 2147483647;
			files = (
				080195482E7F2CC9000A83C3 /* VLCUI in Frameworks */,
				085D1FC92E7EE7BA00435795 /* VLCUI in Frameworks */,
				082A20362E822DE800F1626F /* JellyfinAPI in Frameworks */,
				08493C5C2E292DBC007F0D75 /* JellyfinAPI in Frameworks */,
				08D5DCC82E28A0D90027D139 /* CachedAsyncImage in Frameworks */,
				08408A7C2E3360A400C43C1B /* VLCKit.xcframework in Frameworks */,
				08408A7A2E3360A400C43C1B /* MobileVLCKit.xcframework in Frameworks */,
				082A202D2E82178600F1626F /* JellyfinAPI in Frameworks */,
			);
			runOnlyForDeploymentPostprocessing = 0;
		};
/* End PBXFrameworksBuildPhase section */

/* Begin PBXGroup section */
		083128A02E0EE1F70096527C = {
			isa = PBXGroup;
			children = (
				083128AB2E0EE1F70096527C /* SwiftJelly */,
				08408A772E3360A400C43C1B /* Frameworks */,
				083128AA2E0EE1F70096527C /* Products */,
			);
			sourceTree = "<group>";
		};
		083128AA2E0EE1F70096527C /* Products */ = {
			isa = PBXGroup;
			children = (
				083128A92E0EE1F70096527C /* SwiftJelly.app */,
			);
			name = Products;
			sourceTree = "<group>";
		};
		08408A772E3360A400C43C1B /* Frameworks */ = {
			isa = PBXGroup;
			children = (
				08408A782E3360A400C43C1B /* MobileVLCKit.xcframework */,
				08408A792E3360A400C43C1B /* VLCKit.xcframework */,
			);
			name = Frameworks;
			sourceTree = "<group>";
		};
/* End PBXGroup section */

/* Begin PBXNativeTarget section */
		083128A82E0EE1F70096527C /* SwiftJelly */ = {
			isa = PBXNativeTarget;
			buildConfigurationList = 083128B42E0EE1F90096527C /* Build configuration list for PBXNativeTarget "SwiftJelly" */;
			buildPhases = (
				083128A52E0EE1F70096527C /* Sources */,
				083128A62E0EE1F70096527C /* Frameworks */,
				083128A72E0EE1F70096527C /* Resources */,
				08408A7E2E3360A400C43C1B /* Embed Frameworks */,
			);
			buildRules = (
			);
			dependencies = (
			);
			fileSystemSynchronizedGroups = (
				083128AB2E0EE1F70096527C /* SwiftJelly */,
			);
			name = SwiftJelly;
			packageProductDependencies = (
				08D5DCC72E28A0D90027D139 /* CachedAsyncImage */,
				08493C5B2E292DBC007F0D75 /* JellyfinAPI */,
				085D1FC82E7EE7BA00435795 /* VLCUI */,
				080195472E7F2CC9000A83C3 /* VLCUI */,
				082A202C2E82178600F1626F /* JellyfinAPI */,
				082A20352E822DE800F1626F /* JellyfinAPI */,
			);
			productName = SwiftJelly;
			productReference = 083128A92E0EE1F70096527C /* SwiftJelly.app */;
			productType = "com.apple.product-type.application";
		};
/* End PBXNativeTarget section */

/* Begin PBXProject section */
		083128A12E0EE1F70096527C /* Project object */ = {
			isa = PBXProject;
			attributes = {
				BuildIndependentTargetsInParallel = 1;
				LastSwiftUpdateCheck = 2600;
				LastUpgradeCheck = 2600;
				TargetAttributes = {
					083128A82E0EE1F70096527C = {
						CreatedOnToolsVersion = 26.0;
					};
				};
			};
			buildConfigurationList = 083128A42E0EE1F70096527C /* Build configuration list for PBXProject "SwiftJelly" */;
			developmentRegion = en;
			hasScannedForEncodings = 0;
			knownRegions = (
				en,
				Base,
			);
			mainGroup = 083128A02E0EE1F70096527C;
			minimizedProjectReferenceProxies = 1;
			packageReferences = (
				08D5DCC62E28A0D90027D139 /* XCRemoteSwiftPackageReference "CachedAsyncImage" */,
				080195462E7F2CC9000A83C3 /* XCRemoteSwiftPackageReference "VLCUI" */,
				082A20342E822DE800F1626F /* XCRemoteSwiftPackageReference "jellyfin-sdk-swift" */,
			);
			preferredProjectObjectVersion = 77;
			productRefGroup = 083128AA2E0EE1F70096527C /* Products */;
			projectDirPath = "";
			projectRoot = "";
			targets = (
				083128A82E0EE1F70096527C /* SwiftJelly */,
			);
		};
/* End PBXProject section */

/* Begin PBXResourcesBuildPhase section */
		083128A72E0EE1F70096527C /* Resources */ = {
			isa = PBXResourcesBuildPhase;
			buildActionMask = 2147483647;
			files = (
			);
			runOnlyForDeploymentPostprocessing = 0;
		};
/* End PBXResourcesBuildPhase section */

/* Begin PBXSourcesBuildPhase section */
		083128A52E0EE1F70096527C /* Sources */ = {
			isa = PBXSourcesBuildPhase;
			buildActionMask = 2147483647;
			files = (
			);
			runOnlyForDeploymentPostprocessing = 0;
		};
/* End PBXSourcesBuildPhase section */

/* Begin XCBuildConfiguration section */
		083128B22E0EE1F90096527C /* Debug */ = {
			isa = XCBuildConfiguration;
			buildSettings = {
				ALWAYS_SEARCH_USER_PATHS = NO;
				ASSETCATALOG_COMPILER_GENERATE_SWIFT_ASSET_SYMBOL_EXTENSIONS = YES;
				CLANG_ANALYZER_NONNULL = YES;
				CLANG_ANALYZER_NUMBER_OBJECT_CONVERSION = YES_AGGRESSIVE;
				CLANG_CXX_LANGUAGE_STANDARD = "gnu++20";
				CLANG_ENABLE_MODULES = YES;
				CLANG_ENABLE_OBJC_ARC = YES;
				CLANG_ENABLE_OBJC_WEAK = YES;
				CLANG_WARN_BLOCK_CAPTURE_AUTORELEASING = YES;
				CLANG_WARN_BOOL_CONVERSION = YES;
				CLANG_WARN_COMMA = YES;
				CLANG_WARN_CONSTANT_CONVERSION = YES;
				CLANG_WARN_DEPRECATED_OBJC_IMPLEMENTATIONS = YES;
				CLANG_WARN_DIRECT_OBJC_ISA_USAGE = YES_ERROR;
				CLANG_WARN_DOCUMENTATION_COMMENTS = YES;
				CLANG_WARN_EMPTY_BODY = YES;
				CLANG_WARN_ENUM_CONVERSION = YES;
				CLANG_WARN_INFINITE_RECURSION = YES;
				CLANG_WARN_INT_CONVERSION = YES;
				CLANG_WARN_NON_LITERAL_NULL_CONVERSION = YES;
				CLANG_WARN_OBJC_IMPLICIT_RETAIN_SELF = YES;
				CLANG_WARN_OBJC_LITERAL_CONVERSION = YES;
				CLANG_WARN_OBJC_ROOT_CLASS = YES_ERROR;
				CLANG_WARN_QUOTED_INCLUDE_IN_FRAMEWORK_HEADER = YES;
				CLANG_WARN_RANGE_LOOP_ANALYSIS = YES;
				CLANG_WARN_STRICT_PROTOTYPES = YES;
				CLANG_WARN_SUSPICIOUS_MOVE = YES;
				CLANG_WARN_UNGUARDED_AVAILABILITY = YES_AGGRESSIVE;
				CLANG_WARN_UNREACHABLE_CODE = YES;
				CLANG_WARN__DUPLICATE_METHOD_MATCH = YES;
				COPY_PHASE_STRIP = NO;
				DEBUG_INFORMATION_FORMAT = dwarf;
				DEVELOPMENT_TEAM = 2L782RMCG7;
				ENABLE_STRICT_OBJC_MSGSEND = YES;
				ENABLE_TESTABILITY = YES;
				ENABLE_USER_SCRIPT_SANDBOXING = YES;
				GCC_C_LANGUAGE_STANDARD = gnu17;
				GCC_DYNAMIC_NO_PIC = NO;
				GCC_NO_COMMON_BLOCKS = YES;
				GCC_OPTIMIZATION_LEVEL = 0;
				GCC_PREPROCESSOR_DEFINITIONS = (
					"DEBUG=1",
					"$(inherited)",
				);
				GCC_WARN_64_TO_32_BIT_CONVERSION = YES;
				GCC_WARN_ABOUT_RETURN_TYPE = YES_ERROR;
				GCC_WARN_UNDECLARED_SELECTOR = YES;
				GCC_WARN_UNINITIALIZED_AUTOS = YES_AGGRESSIVE;
				GCC_WARN_UNUSED_FUNCTION = YES;
				GCC_WARN_UNUSED_VARIABLE = YES;
				LOCALIZATION_PREFERS_STRING_CATALOGS = YES;
				MTL_ENABLE_DEBUG_INFO = INCLUDE_SOURCE;
				MTL_FAST_MATH = YES;
				ONLY_ACTIVE_ARCH = YES;
				SWIFT_ACTIVE_COMPILATION_CONDITIONS = "DEBUG $(inherited)";
				SWIFT_OPTIMIZATION_LEVEL = "-Onone";
			};
			name = Debug;
		};
		083128B32E0EE1F90096527C /* Release */ = {
			isa = XCBuildConfiguration;
			buildSettings = {
				ALWAYS_SEARCH_USER_PATHS = NO;
				ASSETCATALOG_COMPILER_GENERATE_SWIFT_ASSET_SYMBOL_EXTENSIONS = YES;
				CLANG_ANALYZER_NONNULL = YES;
				CLANG_ANALYZER_NUMBER_OBJECT_CONVERSION = YES_AGGRESSIVE;
				CLANG_CXX_LANGUAGE_STANDARD = "gnu++20";
				CLANG_ENABLE_MODULES = YES;
				CLANG_ENABLE_OBJC_ARC = YES;
				CLANG_ENABLE_OBJC_WEAK = YES;
				CLANG_WARN_BLOCK_CAPTURE_AUTORELEASING = YES;
				CLANG_WARN_BOOL_CONVERSION = YES;
				CLANG_WARN_COMMA = YES;
				CLANG_WARN_CONSTANT_CONVERSION = YES;
				CLANG_WARN_DEPRECATED_OBJC_IMPLEMENTATIONS = YES;
				CLANG_WARN_DIRECT_OBJC_ISA_USAGE = YES_ERROR;
				CLANG_WARN_DOCUMENTATION_COMMENTS = YES;
				CLANG_WARN_EMPTY_BODY = YES;
				CLANG_WARN_ENUM_CONVERSION = YES;
				CLANG_WARN_INFINITE_RECURSION = YES;
				CLANG_WARN_INT_CONVERSION = YES;
				CLANG_WARN_NON_LITERAL_NULL_CONVERSION = YES;
				CLANG_WARN_OBJC_IMPLICIT_RETAIN_SELF = YES;
				CLANG_WARN_OBJC_LITERAL_CONVERSION = YES;
				CLANG_WARN_OBJC_ROOT_CLASS = YES_ERROR;
				CLANG_WARN_QUOTED_INCLUDE_IN_FRAMEWORK_HEADER = YES;
				CLANG_WARN_RANGE_LOOP_ANALYSIS = YES;
				CLANG_WARN_STRICT_PROTOTYPES = YES;
				CLANG_WARN_SUSPICIOUS_MOVE = YES;
				CLANG_WARN_UNGUARDED_AVAILABILITY = YES_AGGRESSIVE;
				CLANG_WARN_UNREACHABLE_CODE = YES;
				CLANG_WARN__DUPLICATE_METHOD_MATCH = YES;
				COPY_PHASE_STRIP = NO;
				DEBUG_INFORMATION_FORMAT = "dwarf-with-dsym";
				DEVELOPMENT_TEAM = 2L782RMCG7;
				ENABLE_NS_ASSERTIONS = NO;
				ENABLE_STRICT_OBJC_MSGSEND = YES;
				ENABLE_USER_SCRIPT_SANDBOXING = YES;
				GCC_C_LANGUAGE_STANDARD = gnu17;
				GCC_NO_COMMON_BLOCKS = YES;
				GCC_WARN_64_TO_32_BIT_CONVERSION = YES;
				GCC_WARN_ABOUT_RETURN_TYPE = YES_ERROR;
				GCC_WARN_UNDECLARED_SELECTOR = YES;
				GCC_WARN_UNINITIALIZED_AUTOS = YES_AGGRESSIVE;
				GCC_WARN_UNUSED_FUNCTION = YES;
				GCC_WARN_UNUSED_VARIABLE = YES;
				LOCALIZATION_PREFERS_STRING_CATALOGS = YES;
				MTL_ENABLE_DEBUG_INFO = NO;
				MTL_FAST_MATH = YES;
				SWIFT_COMPILATION_MODE = wholemodule;
			};
			name = Release;
		};
		083128B52E0EE1F90096527C /* Debug */ = {
			isa = XCBuildConfiguration;
			buildSettings = {
				ASSETCATALOG_COMPILER_APPICON_NAME = AppIcon;
				ASSETCATALOG_COMPILER_GLOBAL_ACCENT_COLOR_NAME = AccentColor;
				CODE_SIGN_STYLE = Automatic;
				CURRENT_PROJECT_VERSION = 1;
				DEVELOPMENT_TEAM = 2L782RMCG7;
				ENABLE_APP_SANDBOX = YES;
				ENABLE_FILE_ACCESS_MOVIES_FOLDER = readonly;
				ENABLE_HARDENED_RUNTIME = YES;
				ENABLE_INCOMING_NETWORK_CONNECTIONS = NO;
				ENABLE_OUTGOING_NETWORK_CONNECTIONS = YES;
				ENABLE_PREVIEWS = YES;
				ENABLE_RESOURCE_ACCESS_AUDIO_INPUT = NO;
				ENABLE_RESOURCE_ACCESS_BLUETOOTH = NO;
				ENABLE_RESOURCE_ACCESS_CALENDARS = NO;
				ENABLE_RESOURCE_ACCESS_CAMERA = NO;
				ENABLE_RESOURCE_ACCESS_CONTACTS = NO;
				ENABLE_RESOURCE_ACCESS_LOCATION = NO;
				ENABLE_RESOURCE_ACCESS_PRINTING = NO;
				ENABLE_RESOURCE_ACCESS_USB = NO;
				ENABLE_USER_SELECTED_FILES = readonly;
				GENERATE_INFOPLIST_FILE = YES;
				INFOPLIST_FILE = SwiftJelly/Info.plist;
				INFOPLIST_KEY_LSApplicationCategoryType = "public.app-category.entertainment";
				"INFOPLIST_KEY_UIApplicationSceneManifest_Generation[sdk=iphoneos*]" = YES;
				"INFOPLIST_KEY_UIApplicationSceneManifest_Generation[sdk=iphonesimulator*]" = YES;
				"INFOPLIST_KEY_UIApplicationSupportsIndirectInputEvents[sdk=iphoneos*]" = YES;
				"INFOPLIST_KEY_UIApplicationSupportsIndirectInputEvents[sdk=iphonesimulator*]" = YES;
				"INFOPLIST_KEY_UILaunchScreen_Generation[sdk=iphoneos*]" = YES;
				"INFOPLIST_KEY_UILaunchScreen_Generation[sdk=iphonesimulator*]" = YES;
				"INFOPLIST_KEY_UIStatusBarStyle[sdk=iphoneos*]" = UIStatusBarStyleDefault;
				"INFOPLIST_KEY_UIStatusBarStyle[sdk=iphonesimulator*]" = UIStatusBarStyleDefault;
				INFOPLIST_KEY_UISupportedInterfaceOrientations_iPad = "UIInterfaceOrientationPortrait UIInterfaceOrientationPortraitUpsideDown UIInterfaceOrientationLandscapeLeft UIInterfaceOrientationLandscapeRight";
				INFOPLIST_KEY_UISupportedInterfaceOrientations_iPhone = "UIInterfaceOrientationPortrait UIInterfaceOrientationLandscapeLeft UIInterfaceOrientationLandscapeRight";
				IPHONEOS_DEPLOYMENT_TARGET = 26.0;
				LD_RUNPATH_SEARCH_PATHS = "@executable_path/Frameworks";
				"LD_RUNPATH_SEARCH_PATHS[sdk=macosx*]" = "@executable_path/../Frameworks";
				MACOSX_DEPLOYMENT_TARGET = 26.0;
				MARKETING_VERSION = 1.0;
				PRODUCT_BUNDLE_IDENTIFIER = com.mush.SwiftJelly;
				PRODUCT_NAME = "$(TARGET_NAME)";
				REGISTER_APP_GROUPS = YES;
				SDKROOT = auto;
				STRING_CATALOG_GENERATE_SYMBOLS = YES;
				SUPPORTED_PLATFORMS = "iphoneos iphonesimulator macosx xros xrsimulator";
				SWIFT_APPROACHABLE_CONCURRENCY = YES;
				SWIFT_DEFAULT_ACTOR_ISOLATION = MainActor;
				SWIFT_EMIT_LOC_STRINGS = YES;
				SWIFT_UPCOMING_FEATURE_MEMBER_IMPORT_VISIBILITY = YES;
				SWIFT_VERSION = 5.0;
				TARGETED_DEVICE_FAMILY = "1,2,7";
				XROS_DEPLOYMENT_TARGET = 26.0;
			};
			name = Debug;
		};
		083128B62E0EE1F90096527C /* Release */ = {
			isa = XCBuildConfiguration;
			buildSettings = {
				ASSETCATALOG_COMPILER_APPICON_NAME = AppIcon;
				ASSETCATALOG_COMPILER_GLOBAL_ACCENT_COLOR_NAME = AccentColor;
				CODE_SIGN_STYLE = Automatic;
				CURRENT_PROJECT_VERSION = 1;
				DEVELOPMENT_TEAM = 2L782RMCG7;
				ENABLE_APP_SANDBOX = YES;
				ENABLE_FILE_ACCESS_MOVIES_FOLDER = readonly;
				ENABLE_HARDENED_RUNTIME = YES;
				ENABLE_INCOMING_NETWORK_CONNECTIONS = NO;
				ENABLE_OUTGOING_NETWORK_CONNECTIONS = YES;
				ENABLE_PREVIEWS = YES;
				ENABLE_RESOURCE_ACCESS_AUDIO_INPUT = NO;
				ENABLE_RESOURCE_ACCESS_BLUETOOTH = NO;
				ENABLE_RESOURCE_ACCESS_CALENDARS = NO;
				ENABLE_RESOURCE_ACCESS_CAMERA = NO;
				ENABLE_RESOURCE_ACCESS_CONTACTS = NO;
				ENABLE_RESOURCE_ACCESS_LOCATION = NO;
				ENABLE_RESOURCE_ACCESS_PRINTING = NO;
				ENABLE_RESOURCE_ACCESS_USB = NO;
				ENABLE_USER_SELECTED_FILES = readonly;
				GENERATE_INFOPLIST_FILE = YES;
				INFOPLIST_FILE = SwiftJelly/Info.plist;
				INFOPLIST_KEY_LSApplicationCategoryType = "public.app-category.entertainment";
				"INFOPLIST_KEY_UIApplicationSceneManifest_Generation[sdk=iphoneos*]" = YES;
				"INFOPLIST_KEY_UIApplicationSceneManifest_Generation[sdk=iphonesimulator*]" = YES;
				"INFOPLIST_KEY_UIApplicationSupportsIndirectInputEvents[sdk=iphoneos*]" = YES;
				"INFOPLIST_KEY_UIApplicationSupportsIndirectInputEvents[sdk=iphonesimulator*]" = YES;
				"INFOPLIST_KEY_UILaunchScreen_Generation[sdk=iphoneos*]" = YES;
				"INFOPLIST_KEY_UILaunchScreen_Generation[sdk=iphonesimulator*]" = YES;
				"INFOPLIST_KEY_UIStatusBarStyle[sdk=iphoneos*]" = UIStatusBarStyleDefault;
				"INFOPLIST_KEY_UIStatusBarStyle[sdk=iphonesimulator*]" = UIStatusBarStyleDefault;
				INFOPLIST_KEY_UISupportedInterfaceOrientations_iPad = "UIInterfaceOrientationPortrait UIInterfaceOrientationPortraitUpsideDown UIInterfaceOrientationLandscapeLeft UIInterfaceOrientationLandscapeRight";
				INFOPLIST_KEY_UISupportedInterfaceOrientations_iPhone = "UIInterfaceOrientationPortrait UIInterfaceOrientationLandscapeLeft UIInterfaceOrientationLandscapeRight";
				IPHONEOS_DEPLOYMENT_TARGET = 26.0;
				LD_RUNPATH_SEARCH_PATHS = "@executable_path/Frameworks";
				"LD_RUNPATH_SEARCH_PATHS[sdk=macosx*]" = "@executable_path/../Frameworks";
				MACOSX_DEPLOYMENT_TARGET = 26.0;
				MARKETING_VERSION = 1.0;
				PRODUCT_BUNDLE_IDENTIFIER = com.mush.SwiftJelly;
				PRODUCT_NAME = "$(TARGET_NAME)";
				REGISTER_APP_GROUPS = YES;
				SDKROOT = auto;
				STRING_CATALOG_GENERATE_SYMBOLS = YES;
				SUPPORTED_PLATFORMS = "iphoneos iphonesimulator macosx xros xrsimulator";
				SWIFT_APPROACHABLE_CONCURRENCY = YES;
				SWIFT_DEFAULT_ACTOR_ISOLATION = MainActor;
				SWIFT_EMIT_LOC_STRINGS = YES;
				SWIFT_UPCOMING_FEATURE_MEMBER_IMPORT_VISIBILITY = YES;
				SWIFT_VERSION = 5.0;
				TARGETED_DEVICE_FAMILY = "1,2,7";
				XROS_DEPLOYMENT_TARGET = 26.0;
			};
			name = Release;
		};
/* End XCBuildConfiguration section */

/* Begin XCConfigurationList section */
		083128A42E0EE1F70096527C /* Build configuration list for PBXProject "SwiftJelly" */ = {
			isa = XCConfigurationList;
			buildConfigurations = (
				083128B22E0EE1F90096527C /* Debug */,
				083128B32E0EE1F90096527C /* Release */,
			);
			defaultConfigurationIsVisible = 0;
			defaultConfigurationName = Release;
		};
		083128B42E0EE1F90096527C /* Build configuration list for PBXNativeTarget "SwiftJelly" */ = {
			isa = XCConfigurationList;
			buildConfigurations = (
				083128B52E0EE1F90096527C /* Debug */,
				083128B62E0EE1F90096527C /* Release */,
			);
			defaultConfigurationIsVisible = 0;
			defaultConfigurationName = Release;
		};
/* End XCConfigurationList section */

/* Begin XCRemoteSwiftPackageReference section */
		080195462E7F2CC9000A83C3 /* XCRemoteSwiftPackageReference "VLCUI" */ = {
			isa = XCRemoteSwiftPackageReference;
			repositoryURL = "https://github.com/SilverMarcs/VLCUI";
			requirement = {
				branch = main;
				kind = branch;
			};
		};
		082A20342E822DE800F1626F /* XCRemoteSwiftPackageReference "jellyfin-sdk-swift" */ = {
			isa = XCRemoteSwiftPackageReference;
			repositoryURL = "https://github.com/SilverMarcs/jellyfin-sdk-swift";
			requirement = {
				branch = main;
				kind = branch;
			};
		};
		08D5DCC62E28A0D90027D139 /* XCRemoteSwiftPackageReference "CachedAsyncImage" */ = {
			isa = XCRemoteSwiftPackageReference;
			repositoryURL = "https://github.com/SilverMarcs/CachedAsyncImage";
			requirement = {
				branch = main;
				kind = branch;
			};
		};
/* End XCRemoteSwiftPackageReference section */

/* Begin XCSwiftPackageProductDependency section */
		080195472E7F2CC9000A83C3 /* VLCUI */ = {
			isa = XCSwiftPackageProductDependency;
			package = 080195462E7F2CC9000A83C3 /* XCRemoteSwiftPackageReference "VLCUI" */;
			productName = VLCUI;
		};
		082A202C2E82178600F1626F /* JellyfinAPI */ = {
			isa = XCSwiftPackageProductDependency;
			productName = JellyfinAPI;
		};
		082A20352E822DE800F1626F /* JellyfinAPI */ = {
			isa = XCSwiftPackageProductDependency;
			package = 082A20342E822DE800F1626F /* XCRemoteSwiftPackageReference "jellyfin-sdk-swift" */;
			productName = JellyfinAPI;
		};
		08493C5B2E292DBC007F0D75 /* JellyfinAPI */ = {
			isa = XCSwiftPackageProductDependency;
			productName = JellyfinAPI;
		};
		085D1FC82E7EE7BA00435795 /* VLCUI */ = {
			isa = XCSwiftPackageProductDependency;
			productName = VLCUI;
		};
		08D5DCC72E28A0D90027D139 /* CachedAsyncImage */ = {
			isa = XCSwiftPackageProductDependency;
			package = 08D5DCC62E28A0D90027D139 /* XCRemoteSwiftPackageReference "CachedAsyncImage" */;
			productName = CachedAsyncImage;
		};
/* End XCSwiftPackageProductDependency section */
	};
	rootObject = 083128A12E0EE1F70096527C /* Project object */;
}
